// !$*UTF8*$!
{
	archiveVersion = 1;
	classes = {
	};
	objectVersion = 46;
	objects = {

/* Begin PBXBuildFile section */
		3B7CF2091C06AD96001D88C1 /* UIWebView+CanBack.m in Sources */ = {isa = PBXBuildFile; fileRef = 3B7CF2081C06AD96001D88C1 /* UIWebView+CanBack.m */; };
		3BECE1991C059C9C0017FE24 /* main.m in Sources */ = {isa = PBXBuildFile; fileRef = 3BECE1981C059C9C0017FE24 /* main.m */; };
		3BECE19C1C059C9C0017FE24 /* AppDelegate.m in Sources */ = {isa = PBXBuildFile; fileRef = 3BECE19B1C059C9C0017FE24 /* AppDelegate.m */; };
		3BECE19F1C059C9C0017FE24 /* ViewController.m in Sources */ = {isa = PBXBuildFile; fileRef = 3BECE19E1C059C9C0017FE24 /* ViewController.m */; };
		3BECE1A21C059C9C0017FE24 /* Main.storyboard in Resources */ = {isa = PBXBuildFile; fileRef = 3BECE1A01C059C9C0017FE24 /* Main.storyboard */; };
		3BECE1A41C059C9C0017FE24 /* Images.xcassets in Resources */ = {isa = PBXBuildFile; fileRef = 3BECE1A31C059C9C0017FE24 /* Images.xcassets */; };
		3BECE1A71C059C9C0017FE24 /* LaunchScreen.xib in Resources */ = {isa = PBXBuildFile; fileRef = 3BECE1A51C059C9C0017FE24 /* LaunchScreen.xib */; };
/* End PBXBuildFile section */

/* Begin PBXFileReference section */
		3B7CF2071C06AD96001D88C1 /* UIWebView+CanBack.h */ = {isa = PBXFileReference; fileEncoding = 4; lastKnownFileType = sourcecode.c.h; path = "UIWebView+CanBack.h"; sourceTree = "<group>"; };
		3B7CF2081C06AD96001D88C1 /* UIWebView+CanBack.m */ = {isa = PBXFileReference; fileEncoding = 4; lastKnownFileType = sourcecode.c.objc; path = "UIWebView+CanBack.m"; sourceTree = "<group>"; };
		3BECE1931C059C9C0017FE24 /* BackWebView.app */ = {isa = PBXFileReference; explicitFileType = wrapper.application; includeInIndex = 0; path = BackWebView.app; sourceTree = BUILT_PRODUCTS_DIR; };
		3BECE1971C059C9C0017FE24 /* Info.plist */ = {isa = PBXFileReference; lastKnownFileType = text.plist.xml; path = Info.plist; sourceTree = "<group>"; };
		3BECE1981C059C9C0017FE24 /* main.m */ = {isa = PBXFileReference; lastKnownFileType = sourcecode.c.objc; path = main.m; sourceTree = "<group>"; };
		3BECE19A1C059C9C0017FE24 /* AppDelegate.h */ = {isa = PBXFileReference; lastKnownFileType = sourcecode.c.h; path = AppDelegate.h; sourceTree = "<group>"; };
		3BECE19B1C059C9C0017FE24 /* AppDelegate.m */ = {isa = PBXFileReference; lastKnownFileType = sourcecode.c.objc; path = AppDelegate.m; sourceTree = "<group>"; };
		3BECE19D1C059C9C0017FE24 /* ViewController.h */ = {isa = PBXFileReference; lastKnownFileType = sourcecode.c.h; path = ViewController.h; sourceTree = "<group>"; };
		3BECE19E1C059C9C0017FE24 /* ViewController.m */ = {isa = PBXFileReference; lastKnownFileType = sourcecode.c.objc; path = ViewController.m; sourceTree = "<group>"; };
		3BECE1A11C059C9C0017FE24 /* Base */ = {isa = PBXFileReference; lastKnownFileType = file.storyboard; name = Base; path = Base.lproj/Main.storyboard; sourceTree = "<group>"; };
		3BECE1A31C059C9C0017FE24 /* Images.xcassets */ = {isa = PBXFileReference; lastKnownFileType = folder.assetcatalog; path = Images.xcassets; sourceTree = "<group>"; };
		3BECE1A61C059C9C0017FE24 /* Base */ = {isa = PBXFileReference; lastKnownFileType = file.xib; name = Base; path = Base.lproj/LaunchScreen.xib; sourceTree = "<group>"; };
/* End PBXFileReference section */

/* Begin PBXFrameworksBuildPhase section */
		3BECE1901C059C9C0017FE24 /* Frameworks */ = {
			isa = PBXFrameworksBuildPhase;
			buildActionMask = 2147483647;
			files = (
			);
			runOnlyForDeploymentPostprocessing = 0;
		};
/* End PBXFrameworksBuildPhase section */

/* Begin PBXGroup section */
		3BECE18A1C059C9C0017FE24 = {
			isa = PBXGroup;
			children = (
				3BECE1951C059C9C0017FE24 /* BackWebView */,
				3BECE1941C059C9C0017FE24 /* Products */,
			);
			sourceTree = "<group>";
		};
		3BECE1941C059C9C0017FE24 /* Products */ = {
			isa = PBXGroup;
			children = (
				3BECE1931C059C9C0017FE24 /* BackWebView.app */,
			);
			name = Products;
			sourceTree = "<group>";
		};
		3BECE1951C059C9C0017FE24 /* BackWebView */ = {
			isa = PBXGroup;
			children = (
				3BECE19A1C059C9C0017FE24 /* AppDelegate.h */,
				3BECE19B1C059C9C0017FE24 /* AppDelegate.m */,
				3BECE19D1C059C9C0017FE24 /* ViewController.h */,
				3BECE19E1C059C9C0017FE24 /* ViewController.m */,
				3BECE1A01C059C9C0017FE24 /* Main.storyboard */,
				3BECE1A31C059C9C0017FE24 /* Images.xcassets */,
				3BECE1A51C059C9C0017FE24 /* LaunchScreen.xib */,
				3BECE1961C059C9C0017FE24 /* Supporting Files */,
				3B7CF2071C06AD96001D88C1 /* UIWebView+CanBack.h */,
				3B7CF2081C06AD96001D88C1 /* UIWebView+CanBack.m */,
			);
			path = BackWebView;
			sourceTree = "<group>";
		};
		3BECE1961C059C9C0017FE24 /* Supporting Files */ = {
			isa = PBXGroup;
			children = (
				3BECE1971C059C9C0017FE24 /* Info.plist */,
				3BECE1981C059C9C0017FE24 /* main.m */,
			);
			name = "Supporting Files";
			sourceTree = "<group>";
		};
/* End PBXGroup section */

/* Begin PBXNativeTarget section */
		3BECE1921C059C9C0017FE24 /* BackWebView */ = {
			isa = PBXNativeTarget;
			buildConfigurationList = 3BECE1B61C059C9C0017FE24 /* Build configuration list for PBXNativeTarget "BackWebView" */;
			buildPhases = (
				3BECE18F1C059C9C0017FE24 /* Sources */,
				3BECE1901C059C9C0017FE24 /* Frameworks */,
				3BECE1911C059C9C0017FE24 /* Resources */,
			);
			buildRules = (
			);
			dependencies = (
			);
			name = BackWebView;
			productName = BackWebView;
			productReference = 3BECE1931C059C9C0017FE24 /* BackWebView.app */;
			productType = "com.apple.product-type.application";
		};
/* End PBXNativeTarget section */

/* Begin PBXProject section */
		3BECE18B1C059C9C0017FE24 /* Project object */ = {
			isa = PBXProject;
			attributes = {
				LastUpgradeCheck = 0640;
				ORGANIZATIONNAME = CheilOpenTide;
				TargetAttributes = {
					3BECE1921C059C9C0017FE24 = {
						CreatedOnToolsVersion = 6.4;
					};
				};
			};
			buildConfigurationList = 3BECE18E1C059C9C0017FE24 /* Build configuration list for PBXProject "BackWebView" */;
			compatibilityVersion = "Xcode 3.2";
			developmentRegion = English;
			hasScannedForEncodings = 0;
			knownRegions = (
				en,
				Base,
			);
			mainGroup = 3BECE18A1C059C9C0017FE24;
			productRefGroup = 3BECE1941C059C9C0017FE24 /* Products */;
			projectDirPath = "";
			projectRoot = "";
			targets = (
				3BECE1921C059C9C0017FE24 /* BackWebView */,
			);
		};
/* End PBXProject section */

/* Begin PBXResourcesBuildPhase section */
		3BECE1911C059C9C0017FE24 /* Resources */ = {
			isa = PBXResourcesBuildPhase;
			buildActionMask = 2147483647;
			files = (
				3BECE1A21C059C9C0017FE24 /* Main.storyboard in Resources */,
				3BECE1A71C059C9C0017FE24 /* LaunchScreen.xib in Resources */,
				3BECE1A41C059C9C0017FE24 /* Images.xcassets in Resources */,
			);
			runOnlyForDeploymentPostprocessing = 0;
		};
/* End PBXResourcesBuildPhase section */

/* Begin PBXSourcesBuildPhase section */
		3BECE18F1C059C9C0017FE24 /* Sources */ = {
			isa = PBXSourcesBuildPhase;
			buildActionMask = 2147483647;
			files = (
				3BECE19F1C059C9C0017FE24 /* ViewController.m in Sources */,
				3B7CF2091C06AD96001D88C1 /* UIWebView+CanBack.m in Sources */,
				3BECE19C1C059C9C0017FE24 /* AppDelegate.m in Sources */,
				3BECE1991C059C9C0017FE24 /* main.m in Sources */,
			);
			runOnlyForDeploymentPostprocessing = 0;
		};
/* End PBXSourcesBuildPhase section */

/* Begin PBXVariantGroup section */
		3BECE1A01C059C9C0017FE24 /* Main.storyboard */ = {
			isa = PBXVariantGroup;
			children = (
				3BECE1A11C059C9C0017FE24 /* Base */,
			);
			name = Main.storyboard;
			sourceTree = "<group>";
		};
		3BECE1A51C059C9C0017FE24 /* LaunchScreen.xib */ = {
			isa = PBXVariantGroup;
			children = (
				3BECE1A61C059C9C0017FE24 /* Base */,
			);
			name = LaunchScreen.xib;
			sourceTree = "<group>";
		};
/* End PBXVariantGroup section */

/* Begin XCBuildConfiguration section */
		3BECE1B41C059C9C0017FE24 /* Debug */ = {
			isa = XCBuildConfiguration;
			buildSettings = {
				ALWAYS_SEARCH_USER_PATHS = NO;
				CLANG_CXX_LANGUAGE_STANDARD = "gnu++0x";
				CLANG_CXX_LIBRARY = "libc++";
				CLANG_ENABLE_MODULES = YES;
				CLANG_ENABLE_OBJC_ARC = YES;
				CLANG_WARN_BOOL_CONVERSION = YES;
				CLANG_WARN_CONSTANT_CONVERSION = YES;
				CLANG_WARN_DIRECT_OBJC_ISA_USAGE = YES_ERROR;
				CLANG_WARN_EMPTY_BODY = YES;
				CLANG_WARN_ENUM_CONVERSION = YES;
				CLANG_WARN_INT_CONVERSION = YES;
				CLANG_WARN_OBJC_ROOT_CLASS = YES_ERROR;
				CLANG_WARN_UNREACHABLE_CODE = YES;
				CLANG_WARN__DUPLICATE_METHOD_MATCH = YES;
				"CODE_SIGN_IDENTITY[sdk=iphoneos*]" = "iPhone Developer";
				COPY_PHASE_STRIP = NO;
				DEBUG_INFORMATION_FORMAT = "dwarf-with-dsym";
				ENABLE_STRICT_OBJC_MSGSEND = YES;
				GCC_C_LANGUAGE_STANDARD = gnu99;
				GCC_DYNAMIC_NO_PIC = NO;
				GCC_NO_COMMON_BLOCKS = YES;
				GCC_OPTIMIZATION_LEVEL = 0;
				GCC_PREPROCESSOR_DEFINITIONS = (
					"DEBUG=1",
					"$(inherited)",
				);
				GCC_SYMBOLS_PRIVATE_EXTERN = NO;
				GCC_WARN_64_TO_32_BIT_CONVERSION = YES;
				GCC_WARN_ABOUT_RETURN_TYPE = YES_ERROR;
				GCC_WARN_UNDECLARED_SELECTOR = YES;
				GCC_WARN_UNINITIALIZED_AUTOS = YES_AGGRESSIVE;
				GCC_WARN_UNUSED_FUNCTION = YES;
				GCC_WARN_UNUSED_VARIABLE = YES;
				IPHONEOS_DEPLOYMENT_TARGET = 8.4;
				MTL_ENABLE_DEBUG_INFO = YES;
				ONLY_ACTIVE_ARCH = YES;
				SDKROOT = iphoneos;
			};
			name = Debug;
		};
		3BECE1B51C059C9C0017FE24 /* Release */ = {
			isa = XCBuildConfiguration;
			buildSettings = {
				ALWAYS_SEARCH_USER_PATHS = NO;
				CLANG_CXX_LANGUAGE_STANDARD = "gnu++0x";
				CLANG_CXX_LIBRARY = "libc++";
				CLANG_ENABLE_MODULES = YES;
				CLANG_ENABLE_OBJC_ARC = YES;
				CLANG_WARN_BOOL_CONVERSION = YES;
				CLANG_WARN_CONSTANT_CONVERSION = YES;
				CLANG_WARN_DIRECT_OBJC_ISA_USAGE = YES_ERROR;
				CLANG_WARN_EMPTY_BODY = YES;
				CLANG_WARN_ENUM_CONVERSION = YES;
				CLANG_WARN_INT_CONVERSION = YES;
				CLANG_WARN_OBJC_ROOT_CLASS = YES_ERROR;
				CLANG_WARN_UNREACHABLE_CODE = YES;
				CLANG_WARN__DUPLICATE_METHOD_MATCH = YES;
				"CODE_SIGN_IDENTITY[sdk=iphoneos*]" = "iPhone Developer";
				COPY_PHASE_STRIP = NO;
				DEBUG_INFORMATION_FORMAT = "dwarf-with-dsym";
				ENABLE_NS_ASSERTIONS = NO;
				ENABLE_STRICT_OBJC_MSGSEND = YES;
				GCC_C_LANGUAGE_STANDARD = gnu99;
				GCC_NO_COMMON_BLOCKS = YES;
				GCC_WARN_64_TO_32_BIT_CONVERSION = YES;
				GCC_WARN_ABOUT_RETURN_TYPE = YES_ERROR;
				GCC_WARN_UNDECLARED_SELECTOR = YES;
				GCC_WARN_UNINITIALIZED_AUTOS = YES_AGGRESSIVE;
				GCC_WARN_UNUSED_FUNCTION = YES;
				GCC_WARN_UNUSED_VARIABLE = YES;
				IPHONEOS_DEPLOYMENT_TARGET = 8.4;
				MTL_ENABLE_DEBUG_INFO = NO;
				SDKROOT = iphoneos;
				VALIDATE_PRODUCT = YES;
			};
			name = Release;
		};
		3BECE1B71C059C9C0017FE24 /* Debug */ = {
			isa = XCBuildConfiguration;
			buildSettings = {
				ASSETCATALOG_COMPILER_APPICON_NAME = AppIcon;
				INFOPLIST_FILE = BackWebView/Info.plist;
				LD_RUNPATH_SEARCH_PATHS = "$(inherited) @executable_path/Frameworks";
				PRODUCT_NAME = "$(TARGET_NAME)";
			};
			name = Debug;
		};
		3BECE1B81C059C9C0017FE24 /* Release */ = {
			isa = XCBuildConfiguration;
			buildSettings = {
				ASSETCATALOG_COMPILER_APPICON_NAME = AppIcon;
				INFOPLIST_FILE = BackWebView/Info.plist;
				LD_RUNPATH_SEARCH_PATHS = "$(inherited) @executable_path/Frameworks";
				PRODUCT_NAME = "$(TARGET_NAME)";
			};
			name = Release;
		};
/* End XCBuildConfiguration section */

/* Begin XCConfigurationList section */
		3BECE18E1C059C9C0017FE24 /* Build configuration list for PBXProject "BackWebView" */ = {
			isa = XCConfigurationList;
			buildConfigurations = (
				3BECE1B41C059C9C0017FE24 /* Debug */,
				3BECE1B51C059C9C0017FE24 /* Release */,
			);
			defaultConfigurationIsVisible = 0;
			defaultConfigurationName = Release;
		};
		3BECE1B61C059C9C0017FE24 /* Build configuration list for PBXNativeTarget "BackWebView" */ = {
			isa = XCConfigurationList;
			buildConfigurations = (
				3BECE1B71C059C9C0017FE24 /* Debug */,
				3BECE1B81C059C9C0017FE24 /* Release */,
			);
			defaultConfigurationIsVisible = 0;
			defaultConfigurationName = Release;
		};
/* End XCConfigurationList section */
	};
	rootObject = 3BECE18B1C059C9C0017FE24 /* Project object */;
}
